
Microsoft Visual Studio Solution File, Format Version 12.00
# Visual Studio Version 16
VisualStudioVersion = 16.0.30104.148
MinimumVisualStudioVersion = 10.0.40219.1
Project("{FAE04EC0-301F-11D3-BF4B-00C04F79EFBC}") = "App1.Android", "App1\App1.Android\App1.Android.csproj", "{4B20A6CF-C2E8-48A4-8FD9-B22D65648265}"
EndProject
Project("{FAE04EC0-301F-11D3-BF4B-00C04F79EFBC}") = "App1.iOS", "App1\App1.iOS\App1.iOS.csproj", "{F4A64288-96F7-45D0-AC51-B94215548528}"
EndProject
Project("{FAE04EC0-301F-11D3-BF4B-00C04F79EFBC}") = "App1", "App1\App1\App1.csproj", "{55C30489-EB12-40F1-A7B6-A4EB2AC135B1}"
EndProject
Global
	GlobalSection(SolutionConfigurationPlatforms) = preSolution
		Debug|Any CPU = Debug|Any CPU
		Debug|iPhone = Debug|iPhone
		Debug|iPhoneSimulator = Debug|iPhoneSimulator
		Release|Any CPU = Release|Any CPU
		Release|iPhone = Release|iPhone
		Release|iPhoneSimulator = Release|iPhoneSimulator
	EndGlobalSection
	GlobalSection(ProjectConfigurationPlatforms) = postSolution
		{4B20A6CF-C2E8-48A4-8FD9-B22D65648265}.Debug|Any CPU.ActiveCfg = Debug|Any CPU
		{4B20A6CF-C2E8-48A4-8FD9-B22D65648265}.Debug|Any CPU.Build.0 = Debug|Any CPU
		{4B20A6CF-C2E8-48A4-8FD9-B22D65648265}.Debug|Any CPU.Deploy.0 = Debug|Any CPU
		{4B20A6CF-C2E8-48A4-8FD9-B22D65648265}.Debug|iPhone.ActiveCfg = Debug|Any CPU
		{4B20A6CF-C2E8-48A4-8FD9-B22D65648265}.Debug|iPhone.Build.0 = Debug|Any CPU
		{4B20A6CF-C2E8-48A4-8FD9-B22D65648265}.Debug|iPhone.Deploy.0 = Debug|Any CPU
		{4B20A6CF-C2E8-48A4-8FD9-B22D65648265}.Debug|iPhoneSimulator.ActiveCfg = Debug|Any CPU
		{4B20A6CF-C2E8-48A4-8FD9-B22D65648265}.Debug|iPhoneSimulator.Build.0 = Debug|Any CPU
		{4B20A6CF-C2E8-48A4-8FD9-B22D65648265}.Debug|iPhoneSimulator.Deploy.0 = Debug|Any CPU
		{4B20A6CF-C2E8-48A4-8FD9-B22D65648265}.Release|Any CPU.ActiveCfg = Release|Any CPU
		{4B20A6CF-C2E8-48A4-8FD9-B22D65648265}.Release|Any CPU.Build.0 = Release|Any CPU
		{4B20A6CF-C2E8-48A4-8FD9-B22D65648265}.Release|Any CPU.Deploy.0 = Release|Any CPU
		{4B20A6CF-C2E8-48A4-8FD9-B22D65648265}.Release|iPhone.ActiveCfg = Release|Any CPU
		{4B20A6CF-C2E8-48A4-8FD9-B22D65648265}.Release|iPhone.Build.0 = Release|Any CPU
		{4B20A6CF-C2E8-48A4-8FD9-B22D65648265}.Release|iPhone.Deploy.0 = Release|Any CPU
		{4B20A6CF-C2E8-48A4-8FD9-B22D65648265}.Release|iPhoneSimulator.ActiveCfg = Release|Any CPU
		{4B20A6CF-C2E8-48A4-8FD9-B22D65648265}.Release|iPhoneSimulator.Build.0 = Release|Any CPU
		{4B20A6CF-C2E8-48A4-8FD9-B22D65648265}.Release|iPhoneSimulator.Deploy.0 = Release|Any CPU
		{F4A64288-96F7-45D0-AC51-B94215548528}.Debug|Any CPU.ActiveCfg = Debug|iPhone
		{F4A64288-96F7-45D0-AC51-B94215548528}.Debug|Any CPU.Build.0 = Debug|iPhone
		{F4A64288-96F7-45D0-AC51-B94215548528}.Debug|Any CPU.Deploy.0 = Debug|iPhone
		{F4A64288-96F7-45D0-AC51-B94215548528}.Debug|iPhone.ActiveCfg = Debug|iPhone
		{F4A64288-96F7-45D0-AC51-B94215548528}.Debug|iPhone.Build.0 = Debug|iPhone
		{F4A64288-96F7-45D0-AC51-B94215548528}.Debug|iPhone.Deploy.0 = Debug|iPhone
		{F4A64288-96F7-45D0-AC51-B94215548528}.Debug|iPhoneSimulator.ActiveCfg = Debug|iPhoneSimulator
		{F4A64288-96F7-45D0-AC51-B94215548528}.Debug|iPhoneSimulator.Build.0 = Debug|iPhoneSimulator
		{F4A64288-96F7-45D0-AC51-B94215548528}.Debug|iPhoneSimulator.Deploy.0 = Debug|iPhoneSimulator
		{F4A64288-96F7-45D0-AC51-B94215548528}.Release|Any CPU.ActiveCfg = Release|iPhone
		{F4A64288-96F7-45D0-AC51-B94215548528}.Release|Any CPU.Build.0 = Release|iPhone
		{F4A64288-96F7-45D0-AC51-B94215548528}.Release|Any CPU.Deploy.0 = Release|iPhone
		{F4A64288-96F7-45D0-AC51-B94215548528}.Release|iPhone.ActiveCfg = Release|iPhone
		{F4A64288-96F7-45D0-AC51-B94215548528}.Release|iPhone.Build.0 = Release|iPhone
		{F4A64288-96F7-45D0-AC51-B94215548528}.Release|iPhone.Deploy.0 = Release|iPhone
		{F4A64288-96F7-45D0-AC51-B94215548528}.Release|iPhoneSimulator.ActiveCfg = Release|iPhoneSimulator
		{F4A64288-96F7-45D0-AC51-B94215548528}.Release|iPhoneSimulator.Build.0 = Release|iPhoneSimulator
		{F4A64288-96F7-45D0-AC51-B94215548528}.Release|iPhoneSimulator.Deploy.0 = Release|iPhoneSimulator
		{55C30489-EB12-40F1-A7B6-A4EB2AC135B1}.Debug|Any CPU.ActiveCfg = Debug|Any CPU
		{55C30489-EB12-40F1-A7B6-A4EB2AC135B1}.Debug|Any CPU.Build.0 = Debug|Any CPU
		{55C30489-EB12-40F1-A7B6-A4EB2AC135B1}.Debug|Any CPU.Deploy.0 = Debug|Any CPU
		{55C30489-EB12-40F1-A7B6-A4EB2AC135B1}.Debug|iPhone.ActiveCfg = Debug|Any CPU
		{55C30489-EB12-40F1-A7B6-A4EB2AC135B1}.Debug|iPhone.Build.0 = Debug|Any CPU
		{55C30489-EB12-40F1-A7B6-A4EB2AC135B1}.Debug|iPhone.Deploy.0 = Debug|Any CPU
		{55C30489-EB12-40F1-A7B6-A4EB2AC135B1}.Debug|iPhoneSimulator.ActiveCfg = Debug|Any CPU
		{55C30489-EB12-40F1-A7B6-A4EB2AC135B1}.Debug|iPhoneSimulator.Build.0 = Debug|Any CPU
		{55C30489-EB12-40F1-A7B6-A4EB2AC135B1}.Debug|iPhoneSimulator.Deploy.0 = Debug|Any CPU
		{55C30489-EB12-40F1-A7B6-A4EB2AC135B1}.Release|Any CPU.ActiveCfg = Release|Any CPU
		{55C30489-EB12-40F1-A7B6-A4EB2AC135B1}.Release|Any CPU.Build.0 = Release|Any CPU
		{55C30489-EB12-40F1-A7B6-A4EB2AC135B1}.Release|Any CPU.Deploy.0 = Release|Any CPU
		{55C30489-EB12-40F1-A7B6-A4EB2AC135B1}.Release|iPhone.ActiveCfg = Release|Any CPU
		{55C30489-EB12-40F1-A7B6-A4EB2AC135B1}.Release|iPhone.Build.0 = Release|Any CPU
		{55C30489-EB12-40F1-A7B6-A4EB2AC135B1}.Release|iPhone.Deploy.0 = Release|Any CPU
		{55C30489-EB12-40F1-A7B6-A4EB2AC135B1}.Release|iPhoneSimulator.ActiveCfg = Release|Any CPU
		{55C30489-EB12-40F1-A7B6-A4EB2AC135B1}.Release|iPhoneSimulator.Build.0 = Release|Any CPU
		{55C30489-EB12-40F1-A7B6-A4EB2AC135B1}.Release|iPhoneSimulator.Deploy.0 = Release|Any CPU
	EndGlobalSection
	GlobalSection(SolutionProperties) = preSolution
		HideSolutionNode = FALSE
	EndGlobalSection
	GlobalSection(ExtensibilityGlobals) = postSolution
		SolutionGuid = {FC6B932C-0768-446C-A45C-97E825F608E1}
	EndGlobalSection
EndGlobal
